// !$*UTF8*$!
{
	archiveVersion = 1;
	classes = {
	};
	objectVersion = 56;
	objects = {

/* Begin PBXBuildFile section */
		994D2ADA2A6341DA006AE286 /* PushNotificationManager.swift in Sources */ = {isa = PBXBuildFile; fileRef = 994D2AD92A6341DA006AE286 /* PushNotificationManager.swift */; };
		99C18A242A61F18E00C9C813 /* AppDelegate.swift in Sources */ = {isa = PBXBuildFile; fileRef = 99C18A232A61F18E00C9C813 /* AppDelegate.swift */; };
		99C18A262A61F18E00C9C813 /* SceneDelegate.swift in Sources */ = {isa = PBXBuildFile; fileRef = 99C18A252A61F18E00C9C813 /* SceneDelegate.swift */; };
		99C18A282A61F18E00C9C813 /* ViewController.swift in Sources */ = {isa = PBXBuildFile; fileRef = 99C18A272A61F18E00C9C813 /* ViewController.swift */; };
		99C18A2B2A61F18E00C9C813 /* Main.storyboard in Resources */ = {isa = PBXBuildFile; fileRef = 99C18A292A61F18E00C9C813 /* Main.storyboard */; };
		99C18A2D2A61F19100C9C813 /* Assets.xcassets in Resources */ = {isa = PBXBuildFile; fileRef = 99C18A2C2A61F19100C9C813 /* Assets.xcassets */; };
		99C18A302A61F19100C9C813 /* LaunchScreen.storyboard in Resources */ = {isa = PBXBuildFile; fileRef = 99C18A2E2A61F19100C9C813 /* LaunchScreen.storyboard */; };
		99CC29142A6FEEA600126361 /* GoogleService-Info.plist in Resources */ = {isa = PBXBuildFile; fileRef = 99CC29132A6FEEA500126361 /* GoogleService-Info.plist */; };
/* End PBXBuildFile section */

/* Begin PBXFileReference section */
		994D2AD82A6341BA006AE286 /* DemoCourierApp.entitlements */ = {isa = PBXFileReference; lastKnownFileType = text.plist.entitlements; path = DemoCourierApp.entitlements; sourceTree = "<group>"; };
		994D2AD92A6341DA006AE286 /* PushNotificationManager.swift */ = {isa = PBXFileReference; lastKnownFileType = sourcecode.swift; path = PushNotificationManager.swift; sourceTree = "<group>"; };
		99C18A202A61F18E00C9C813 /* DemoCourierApp.app */ = {isa = PBXFileReference; explicitFileType = wrapper.application; includeInIndex = 0; path = DemoCourierApp.app; sourceTree = BUILT_PRODUCTS_DIR; };
		99C18A232A61F18E00C9C813 /* AppDelegate.swift */ = {isa = PBXFileReference; lastKnownFileType = sourcecode.swift; path = AppDelegate.swift; sourceTree = "<group>"; };
		99C18A252A61F18E00C9C813 /* SceneDelegate.swift */ = {isa = PBXFileReference; lastKnownFileType = sourcecode.swift; path = SceneDelegate.swift; sourceTree = "<group>"; };
		99C18A272A61F18E00C9C813 /* ViewController.swift */ = {isa = PBXFileReference; lastKnownFileType = sourcecode.swift; path = ViewController.swift; sourceTree = "<group>"; };
		99C18A2A2A61F18E00C9C813 /* Base */ = {isa = PBXFileReference; lastKnownFileType = file.storyboard; name = Base; path = Base.lproj/Main.storyboard; sourceTree = "<group>"; };
		99C18A2C2A61F19100C9C813 /* Assets.xcassets */ = {isa = PBXFileReference; lastKnownFileType = folder.assetcatalog; path = Assets.xcassets; sourceTree = "<group>"; };
		99C18A2F2A61F19100C9C813 /* Base */ = {isa = PBXFileReference; lastKnownFileType = file.storyboard; name = Base; path = Base.lproj/LaunchScreen.storyboard; sourceTree = "<group>"; };
		99C18A312A61F19100C9C813 /* Info.plist */ = {isa = PBXFileReference; lastKnownFileType = text.plist.xml; path = Info.plist; sourceTree = "<group>"; };
		99CC29132A6FEEA500126361 /* GoogleService-Info.plist */ = {isa = PBXFileReference; lastKnownFileType = text.plist; path = "GoogleService-Info.plist"; sourceTree = SOURCE_ROOT; };
/* End PBXFileReference section */

/* Begin PBXFrameworksBuildPhase section */
		99C18A1D2A61F18E00C9C813 /* Frameworks */ = {
			isa = PBXFrameworksBuildPhase;
			buildActionMask = 2147483647;
			files = (
			);
			runOnlyForDeploymentPostprocessing = 0;
		};
/* End PBXFrameworksBuildPhase section */

/* Begin PBXGroup section */
		99C18A172A61F18E00C9C813 = {
			isa = PBXGroup;
			children = (
				99C18A222A61F18E00C9C813 /* DemoCourierApp */,
				99C18A212A61F18E00C9C813 /* Products */,
				F663254274C4164C1185BC42 /* Pods */,
			);
			sourceTree = "<group>";
		};
		99C18A212A61F18E00C9C813 /* Products */ = {
			isa = PBXGroup;
			children = (
				99C18A202A61F18E00C9C813 /* DemoCourierApp.app */,
			);
			name = Products;
			sourceTree = "<group>";
		};
		99C18A222A61F18E00C9C813 /* DemoCourierApp */ = {
			isa = PBXGroup;
			children = (
				994D2AD82A6341BA006AE286 /* DemoCourierApp.entitlements */,
				994D2AD92A6341DA006AE286 /* PushNotificationManager.swift */,
				99C18A232A61F18E00C9C813 /* AppDelegate.swift */,
				99C18A252A61F18E00C9C813 /* SceneDelegate.swift */,
				99C18A272A61F18E00C9C813 /* ViewController.swift */,
				99C18A292A61F18E00C9C813 /* Main.storyboard */,
				99C18A2C2A61F19100C9C813 /* Assets.xcassets */,
				99C18A2E2A61F19100C9C813 /* LaunchScreen.storyboard */,
				99C18A312A61F19100C9C813 /* Info.plist */,
				99CC29132A6FEEA500126361 /* GoogleService-Info.plist */,
			);
			path = DemoCourierApp;
			sourceTree = "<group>";
		};
		F663254274C4164C1185BC42 /* Pods */ = {
			isa = PBXGroup;
			children = (
			);
			path = Pods;
			sourceTree = "<group>";
		};
/* End PBXGroup section */

/* Begin PBXNativeTarget section */
		99C18A1F2A61F18E00C9C813 /* DemoCourierApp */ = {
			isa = PBXNativeTarget;
			buildConfigurationList = 99C18A342A61F19100C9C813 /* Build configuration list for PBXNativeTarget "DemoCourierApp" */;
			buildPhases = (
				99C18A1C2A61F18E00C9C813 /* Sources */,
				99C18A1D2A61F18E00C9C813 /* Frameworks */,
				99C18A1E2A61F18E00C9C813 /* Resources */,
			);
			buildRules = (
			);
			dependencies = (
			);
			name = DemoCourierApp;
			productName = DemoCourierApp;
			productReference = 99C18A202A61F18E00C9C813 /* DemoCourierApp.app */;
			productType = "com.apple.product-type.application";
		};
/* End PBXNativeTarget section */

/* Begin PBXProject section */
		99C18A182A61F18E00C9C813 /* Project object */ = {
			isa = PBXProject;
			attributes = {
				BuildIndependentTargetsInParallel = 1;
				LastSwiftUpdateCheck = 1430;
				LastUpgradeCheck = 1430;
				TargetAttributes = {
					99C18A1F2A61F18E00C9C813 = {
						CreatedOnToolsVersion = 14.3.1;
					};
				};
			};
			buildConfigurationList = 99C18A1B2A61F18E00C9C813 /* Build configuration list for PBXProject "DemoCourierApp" */;
			compatibilityVersion = "Xcode 14.0";
			developmentRegion = en;
			hasScannedForEncodings = 0;
			knownRegions = (
				en,
				Base,
			);
			mainGroup = 99C18A172A61F18E00C9C813;
			productRefGroup = 99C18A212A61F18E00C9C813 /* Products */;
			projectDirPath = "";
			projectRoot = "";
			targets = (
				99C18A1F2A61F18E00C9C813 /* DemoCourierApp */,
			);
		};
/* End PBXProject section */

/* Begin PBXResourcesBuildPhase section */
		99C18A1E2A61F18E00C9C813 /* Resources */ = {
			isa = PBXResourcesBuildPhase;
			buildActionMask = 2147483647;
			files = (
				99C18A302A61F19100C9C813 /* LaunchScreen.storyboard in Resources */,
				99CC29142A6FEEA600126361 /* GoogleService-Info.plist in Resources */,
				99C18A2D2A61F19100C9C813 /* Assets.xcassets in Resources */,
				99C18A2B2A61F18E00C9C813 /* Main.storyboard in Resources */,
			);
			runOnlyForDeploymentPostprocessing = 0;
		};
/* End PBXResourcesBuildPhase section */

/* Begin PBXSourcesBuildPhase section */
		99C18A1C2A61F18E00C9C813 /* Sources */ = {
			isa = PBXSourcesBuildPhase;
			buildActionMask = 2147483647;
			files = (
				99C18A282A61F18E00C9C813 /* ViewController.swift in Sources */,
				99C18A242A61F18E00C9C813 /* AppDelegate.swift in Sources */,
				994D2ADA2A6341DA006AE286 /* PushNotificationManager.swift in Sources */,
				99C18A262A61F18E00C9C813 /* SceneDelegate.swift in Sources */,
			);
			runOnlyForDeploymentPostprocessing = 0;
		};
/* End PBXSourcesBuildPhase section */

/* Begin PBXVariantGroup section */
		99C18A292A61F18E00C9C813 /* Main.storyboard */ = {
			isa = PBXVariantGroup;
			children = (
				99C18A2A2A61F18E00C9C813 /* Base */,
			);
			name = Main.storyboard;
			sourceTree = "<group>";
		};
		99C18A2E2A61F19100C9C813 /* LaunchScreen.storyboard */ = {
			isa = PBXVariantGroup;
			children = (
				99C18A2F2A61F19100C9C813 /* Base */,
			);
			name = LaunchScreen.storyboard;
			sourceTree = "<group>";
		};
/* End PBXVariantGroup section */

/* Begin XCBuildConfiguration section */
		99C18A322A61F19100C9C813 /* Debug */ = {
			isa = XCBuildConfiguration;
			buildSettings = {
				ALWAYS_SEARCH_USER_PATHS = NO;
				CLANG_ANALYZER_NONNULL = YES;
				CLANG_ANALYZER_NUMBER_OBJECT_CONVERSION = YES_AGGRESSIVE;
				CLANG_CXX_LANGUAGE_STANDARD = "gnu++20";
				CLANG_ENABLE_MODULES = YES;
				CLANG_ENABLE_OBJC_ARC = YES;
				CLANG_ENABLE_OBJC_WEAK = YES;
				CLANG_WARN_BLOCK_CAPTURE_AUTORELEASING = YES;
				CLANG_WARN_BOOL_CONVERSION = YES;
				CLANG_WARN_COMMA = YES;
				CLANG_WARN_CONSTANT_CONVERSION = YES;
				CLANG_WARN_DEPRECATED_OBJC_IMPLEMENTATIONS = YES;
				CLANG_WARN_DIRECT_OBJC_ISA_USAGE = YES_ERROR;
				CLANG_WARN_DOCUMENTATION_COMMENTS = YES;
				CLANG_WARN_EMPTY_BODY = YES;
				CLANG_WARN_ENUM_CONVERSION = YES;
				CLANG_WARN_INFINITE_RECURSION = YES;
				CLANG_WARN_INT_CONVERSION = YES;
				CLANG_WARN_NON_LITERAL_NULL_CONVERSION = YES;
				CLANG_WARN_OBJC_IMPLICIT_RETAIN_SELF = YES;
				CLANG_WARN_OBJC_LITERAL_CONVERSION = YES;
				CLANG_WARN_OBJC_ROOT_CLASS = YES_ERROR;
				CLANG_WARN_QUOTED_INCLUDE_IN_FRAMEWORK_HEADER = YES;
				CLANG_WARN_RANGE_LOOP_ANALYSIS = YES;
				CLANG_WARN_STRICT_PROTOTYPES = YES;
				CLANG_WARN_SUSPICIOUS_MOVE = YES;
				CLANG_WARN_UNGUARDED_AVAILABILITY = YES_AGGRESSIVE;
				CLANG_WARN_UNREACHABLE_CODE = YES;
				CLANG_WARN__DUPLICATE_METHOD_MATCH = YES;
				COPY_PHASE_STRIP = NO;
				DEBUG_INFORMATION_FORMAT = dwarf;
				ENABLE_STRICT_OBJC_MSGSEND = YES;
				ENABLE_TESTABILITY = YES;
				GCC_C_LANGUAGE_STANDARD = gnu11;
				GCC_DYNAMIC_NO_PIC = NO;
				GCC_NO_COMMON_BLOCKS = YES;
				GCC_OPTIMIZATION_LEVEL = 0;
				GCC_PREPROCESSOR_DEFINITIONS = (
					"DEBUG=1",
					"$(inherited)",
				);
				GCC_WARN_64_TO_32_BIT_CONVERSION = YES;
				GCC_WARN_ABOUT_RETURN_TYPE = YES_ERROR;
				GCC_WARN_UNDECLARED_SELECTOR = YES;
				GCC_WARN_UNINITIALIZED_AUTOS = YES_AGGRESSIVE;
				GCC_WARN_UNUSED_FUNCTION = YES;
				GCC_WARN_UNUSED_VARIABLE = YES;
				IPHONEOS_DEPLOYMENT_TARGET = 16.4;
				MTL_ENABLE_DEBUG_INFO = INCLUDE_SOURCE;
				MTL_FAST_MATH = YES;
				ONLY_ACTIVE_ARCH = YES;
				SDKROOT = iphoneos;
				SWIFT_ACTIVE_COMPILATION_CONDITIONS = DEBUG;
				SWIFT_OPTIMIZATION_LEVEL = "-Onone";
			};
			name = Debug;
		};
		99C18A332A61F19100C9C813 /* Release */ = {
			isa = XCBuildConfiguration;
			buildSettings = {
				ALWAYS_SEARCH_USER_PATHS = NO;
				CLANG_ANALYZER_NONNULL = YES;
				CLANG_ANALYZER_NUMBER_OBJECT_CONVERSION = YES_AGGRESSIVE;
				CLANG_CXX_LANGUAGE_STANDARD = "gnu++20";
				CLANG_ENABLE_MODULES = YES;
				CLANG_ENABLE_OBJC_ARC = YES;
				CLANG_ENABLE_OBJC_WEAK = YES;
				CLANG_WARN_BLOCK_CAPTURE_AUTORELEASING = YES;
				CLANG_WARN_BOOL_CONVERSION = YES;
				CLANG_WARN_COMMA = YES;
				CLANG_WARN_CONSTANT_CONVERSION = YES;
				CLANG_WARN_DEPRECATED_OBJC_IMPLEMENTATIONS = YES;
				CLANG_WARN_DIRECT_OBJC_ISA_USAGE = YES_ERROR;
				CLANG_WARN_DOCUMENTATION_COMMENTS = YES;
				CLANG_WARN_EMPTY_BODY = YES;
				CLANG_WARN_ENUM_CONVERSION = YES;
				CLANG_WARN_INFINITE_RECURSION = YES;
				CLANG_WARN_INT_CONVERSION = YES;
				CLANG_WARN_NON_LITERAL_NULL_CONVERSION = YES;
				CLANG_WARN_OBJC_IMPLICIT_RETAIN_SELF = YES;
				CLANG_WARN_OBJC_LITERAL_CONVERSION = YES;
				CLANG_WARN_OBJC_ROOT_CLASS = YES_ERROR;
				CLANG_WARN_QUOTED_INCLUDE_IN_FRAMEWORK_HEADER = YES;
				CLANG_WARN_RANGE_LOOP_ANALYSIS = YES;
				CLANG_WARN_STRICT_PROTOTYPES = YES;
				CLANG_WARN_SUSPICIOUS_MOVE = YES;
				CLANG_WARN_UNGUARDED_AVAILABILITY = YES_AGGRESSIVE;
				CLANG_WARN_UNREACHABLE_CODE = YES;
				CLANG_WARN__DUPLICATE_METHOD_MATCH = YES;
				COPY_PHASE_STRIP = NO;
				DEBUG_INFORMATION_FORMAT = "dwarf-with-dsym";
				ENABLE_NS_ASSERTIONS = NO;
				ENABLE_STRICT_OBJC_MSGSEND = YES;
				GCC_C_LANGUAGE_STANDARD = gnu11;
				GCC_NO_COMMON_BLOCKS = YES;
				GCC_WARN_64_TO_32_BIT_CONVERSION = YES;
				GCC_WARN_ABOUT_RETURN_TYPE = YES_ERROR;
				GCC_WARN_UNDECLARED_SELECTOR = YES;
				GCC_WARN_UNINITIALIZED_AUTOS = YES_AGGRESSIVE;
				GCC_WARN_UNUSED_FUNCTION = YES;
				GCC_WARN_UNUSED_VARIABLE = YES;
				IPHONEOS_DEPLOYMENT_TARGET = 16.4;
				MTL_ENABLE_DEBUG_INFO = NO;
				MTL_FAST_MATH = YES;
				SDKROOT = iphoneos;
				SWIFT_COMPILATION_MODE = wholemodule;
				SWIFT_OPTIMIZATION_LEVEL = "-O";
				VALIDATE_PRODUCT = YES;
			};
			name = Release;
		};
		99C18A352A61F19100C9C813 /* Debug */ = {
			isa = XCBuildConfiguration;
			buildSettings = {
				ASSETCATALOG_COMPILER_APPICON_NAME = AppIcon;
				ASSETCATALOG_COMPILER_GLOBAL_ACCENT_COLOR_NAME = AccentColor;
				CODE_SIGN_ENTITLEMENTS = DemoCourierApp/DemoCourierApp.entitlements;
				CODE_SIGN_IDENTITY = "Apple Development";
				CODE_SIGN_STYLE = Automatic;
				CURRENT_PROJECT_VERSION = 1;
				DEVELOPMENT_TEAM = Z2U7934W7L;
				GENERATE_INFOPLIST_FILE = YES;
				INFOPLIST_FILE = DemoCourierApp/Info.plist;
				INFOPLIST_KEY_CFBundleDisplayName = DemoCourierApp;
				INFOPLIST_KEY_UIApplicationSupportsIndirectInputEvents = YES;
				INFOPLIST_KEY_UILaunchStoryboardName = LaunchScreen;
				INFOPLIST_KEY_UIMainStoryboardFile = Main;
				INFOPLIST_KEY_UISupportedInterfaceOrientations_iPad = "UIInterfaceOrientationPortrait UIInterfaceOrientationPortraitUpsideDown UIInterfaceOrientationLandscapeLeft UIInterfaceOrientationLandscapeRight";
				INFOPLIST_KEY_UISupportedInterfaceOrientations_iPhone = "UIInterfaceOrientationPortrait UIInterfaceOrientationLandscapeLeft UIInterfaceOrientationLandscapeRight";
				IPHONEOS_DEPLOYMENT_TARGET = 13.1;
				LD_RUNPATH_SEARCH_PATHS = (
					"$(inherited)",
					"@executable_path/Frameworks",
				);
				MARKETING_VERSION = 1.0;
				PRODUCT_BUNDLE_IDENTIFIER = com.Margels.DemoAppCourier;
				PRODUCT_NAME = "$(TARGET_NAME)";
				PROVISIONING_PROFILE_SPECIFIER = "";
				SWIFT_EMIT_LOC_STRINGS = YES;
				SWIFT_VERSION = 5.0;
				TARGETED_DEVICE_FAMILY = "1,2";
			};
			name = Debug;
		};
		99C18A362A61F19100C9C813 /* Release */ = {
			isa = XCBuildConfiguration;
			buildSettings = {
				ASSETCATALOG_COMPILER_APPICON_NAME = AppIcon;
				ASSETCATALOG_COMPILER_GLOBAL_ACCENT_COLOR_NAME = AccentColor;
				CODE_SIGN_ENTITLEMENTS = DemoCourierApp/DemoCourierApp.entitlements;
				CODE_SIGN_IDENTITY = "Apple Development";
				CODE_SIGN_STYLE = Automatic;
				CURRENT_PROJECT_VERSION = 1;
				DEVELOPMENT_TEAM = Z2U7934W7L;
				GENERATE_INFOPLIST_FILE = YES;
				INFOPLIST_FILE = DemoCourierApp/Info.plist;
				INFOPLIST_KEY_CFBundleDisplayName = DemoCourierApp;
				INFOPLIST_KEY_UIApplicationSupportsIndirectInputEvents = YES;
				INFOPLIST_KEY_UILaunchStoryboardName = LaunchScreen;
				INFOPLIST_KEY_UIMainStoryboardFile = Main;
				INFOPLIST_KEY_UISupportedInterfaceOrientations_iPad = "UIInterfaceOrientationPortrait UIInterfaceOrientationPortraitUpsideDown UIInterfaceOrientationLandscapeLeft UIInterfaceOrientationLandscapeRight";
				INFOPLIST_KEY_UISupportedInterfaceOrientations_iPhone = "UIInterfaceOrientationPortrait UIInterfaceOrientationLandscapeLeft UIInterfaceOrientationLandscapeRight";
				IPHONEOS_DEPLOYMENT_TARGET = 13.1;
				LD_RUNPATH_SEARCH_PATHS = (
					"$(inherited)",
					"@executable_path/Frameworks",
				);
				MARKETING_VERSION = 1.0;
				PRODUCT_BUNDLE_IDENTIFIER = com.Margels.DemoAppCourier;
				PRODUCT_NAME = "$(TARGET_NAME)";
				PROVISIONING_PROFILE_SPECIFIER = "";
				SWIFT_EMIT_LOC_STRINGS = YES;
				SWIFT_VERSION = 5.0;
				TARGETED_DEVICE_FAMILY = "1,2";
			};
			name = Release;
		};
/* End XCBuildConfiguration section */

/* Begin XCConfigurationList section */
		99C18A1B2A61F18E00C9C813 /* Build configuration list for PBXProject "DemoCourierApp" */ = {
			isa = XCConfigurationList;
			buildConfigurations = (
				99C18A322A61F19100C9C813 /* Debug */,
				99C18A332A61F19100C9C813 /* Release */,
			);
			defaultConfigurationIsVisible = 0;
			defaultConfigurationName = Release;
		};
		99C18A342A61F19100C9C813 /* Build configuration list for PBXNativeTarget "DemoCourierApp" */ = {
			isa = XCConfigurationList;
			buildConfigurations = (
				99C18A352A61F19100C9C813 /* Debug */,
				99C18A362A61F19100C9C813 /* Release */,
			);
			defaultConfigurationIsVisible = 0;
			defaultConfigurationName = Release;
		};
/* End XCConfigurationList section */
	};
	rootObject = 99C18A182A61F18E00C9C813 /* Project object */;
}
